github.com/adagit94/gono/gotils v0.2.0 h1:8BFmBS2iL3ztZnm0cwfYYbPJL8KA/xVH/DCHsdusIc4=
github.com/adagit94/gono/gotils v0.2.0/go.mod h1:JPn9ercIV4CSKej6t8jEqsanHc38gVrQJOQkODPMTew=
github.com/adagit94/gono/gotils v0.3.0 h1:HfOei88SfQEjZEAQgKUx7sniTH04OH26Bu9TtvgTP8Y=
github.com/adagit94/gono/gotils v0.3.0/go.mod h1:3CGGzhQJ2PFb0t7DILeK3rPTBDNswrJP1B39/jXl3cw=
github.com/adagit94/gono/gotils v0.4.0 h1:I06hjz2DT0Z7iyVgyuVHTHL4TZMrsDhdCCnJoOp02jw=
github.com/adagit94/gono/gotils v0.4.0/go.mod h1:3CGGzhQJ2PFb0t7DILeK3rPTBDNswrJP1B39/jXl3cw=
